{
  "name": "pwa",
  "version": "1.0.0",
  "lockfileVersion": 1,
  "requires": true,
  "dependencies": {
    "o9n": {
      "version": "2.1.0",
      "resolved": "https://registry.npmjs.org/o9n/-/o9n-2.1.0.tgz",
      "integrity": "sha512-Kvf4kB/XBctZwXKwjAmlPVhCqRywMFXl+o0dvhIc04A5gjWdTiQWYgy75vGXPRBxa9TrkWK6rhgtE+o4GnZTYQ=="
    }
  }
}
